
Microsoft Visual Studio Solution File, Format Version 12.00
# Visual Studio Version 16
VisualStudioVersion = 16.0.33214.272
MinimumVisualStudioVersion = 10.0.40219.1
Project("{FAE04EC0-301F-11D3-BF4B-00C04F79EFBC}") = "MediaTekDocuments", "MediaTekDocuments\MediaTekDocuments.csproj", "{D902B061-D11C-4B30-B942-27D3D6250A5E}"
EndProject
Project("{FAE04EC0-301F-11D3-BF4B-00C04F79EFBC}") = "MediaTekDocumentsTests", "MediaTekDocumentsTests\MediaTekDocumentsTests.csproj", "{EFAA2F77-6BB0-4528-823E-CC21B397B5C9}"
EndProject
Global
	GlobalSection(SolutionConfigurationPlatforms) = preSolution
		Debug|Any CPU = Debug|Any CPU
		Release|Any CPU = Release|Any CPU
	EndGlobalSection
	GlobalSection(ProjectConfigurationPlatforms) = postSolution
		{D902B061-D11C-4B30-B942-27D3D6250A5E}.Debug|Any CPU.ActiveCfg = Debug|Any CPU
		{D902B061-D11C-4B30-B942-27D3D6250A5E}.Debug|Any CPU.Build.0 = Debug|Any CPU
		{D902B061-D11C-4B30-B942-27D3D6250A5E}.Release|Any CPU.ActiveCfg = Release|Any CPU
		{D902B061-D11C-4B30-B942-27D3D6250A5E}.Release|Any CPU.Build.0 = Release|Any CPU
		{EFAA2F77-6BB0-4528-823E-CC21B397B5C9}.Debug|Any CPU.ActiveCfg = Debug|Any CPU
		{EFAA2F77-6BB0-4528-823E-CC21B397B5C9}.Debug|Any CPU.Build.0 = Debug|Any CPU
		{EFAA2F77-6BB0-4528-823E-CC21B397B5C9}.Release|Any CPU.ActiveCfg = Release|Any CPU
		{EFAA2F77-6BB0-4528-823E-CC21B397B5C9}.Release|Any CPU.Build.0 = Release|Any CPU
	EndGlobalSection
	GlobalSection(SolutionProperties) = preSolution
		HideSolutionNode = FALSE
	EndGlobalSection
	GlobalSection(ExtensibilityGlobals) = postSolution
		SolutionGuid = {B6956DDC-2994-4D89-B63F-7F67AFCBEB1D}
	EndGlobalSection
EndGlobal
